
Microsoft Visual Studio Solution File, Format Version 12.00
Project("{F2A71F9B-5D33-465A-A702-920D77279786}") = "Runner", "Runner\Runner.fsproj", "{5322BD47-4865-43F1-86B6-FA99A2450D43}"
EndProject
Project("{F2A71F9B-5D33-465A-A702-920D77279786}") = "IOUtils", "IOUtils\IOUtils.fsproj", "{2BCB7C62-4160-44EA-8204-63A96A8AFA87}"
EndProject
Project("{F2A71F9B-5D33-465A-A702-920D77279786}") = "Year2015", "Year2015\Year2015.fsproj", "{577404AE-66C3-493F-B3A6-5A0BE5F991A6}"
EndProject
Project("{F2A71F9B-5D33-465A-A702-920D77279786}") = "Common", "Common\Common.fsproj", "{22452948-7F9E-4789-A4FD-19B88E216D35}"
EndProject
Project("{F2A71F9B-5D33-465A-A702-920D77279786}") = "Year2016", "Year2016\Year2016.fsproj", "{406FBFAA-3AEC-4593-B62D-4299910F1329}"
EndProject
Project("{F2A71F9B-5D33-465A-A702-920D77279786}") = "Year2017", "Year2017\Year2017.fsproj", "{F284FFD4-055D-4D3D-BFDD-6E1A0D882654}"
EndProject
Project("{F2A71F9B-5D33-465A-A702-920D77279786}") = "Year2018", "Year2018\Year2018.fsproj", "{6A16F536-DB71-44A0-A657-5A3E90104720}"
EndProject
Project("{F2A71F9B-5D33-465A-A702-920D77279786}") = "Year2019", "Year2019\Year2019.fsproj", "{5122FADD-DA81-45F0-A715-55EA01AADE3C}"
EndProject
Project("{F2A71F9B-5D33-465A-A702-920D77279786}") = "Year2020", "Year2020\Year2020.fsproj", "{A4A1B228-38A1-4016-AA1F-494E4C071320}"
EndProject
Project("{F2A71F9B-5D33-465A-A702-920D77279786}") = "Year2021", "Year2021\Year2021.fsproj", "{75B9653B-0C1A-4F68-823E-8B062345C31F}"
EndProject
Project("{F2A71F9B-5D33-465A-A702-920D77279786}") = "Year2022", "Year2022\Year2022.fsproj", "{6E5443D0-9A21-4A68-9C80-077A97235980}"
EndProject
Project("{F2A71F9B-5D33-465A-A702-920D77279786}") = "Year2023", "Year2023\Year2023.fsproj", "{143CF05C-B2A6-49E7-908B-AF7965437BE5}"
EndProject
Project("{F2A71F9B-5D33-465A-A702-920D77279786}") = "Year2024", "Year2024\Year2024.fsproj", "{875F44DD-35E1-4F1F-8CBE-93CD4FCE17B8}"
EndProject
Project("{F2A71F9B-5D33-465A-A702-920D77279786}") = "Solutions.Tests", "Solutions.Tests\Solutions.Tests.fsproj", "{23590D70-F250-4915-B08D-CD24F12FACA3}"
EndProject
Global
	GlobalSection(SolutionConfigurationPlatforms) = preSolution
		Debug|Any CPU = Debug|Any CPU
		Release|Any CPU = Release|Any CPU
	EndGlobalSection
	GlobalSection(ProjectConfigurationPlatforms) = postSolution
		{5322BD47-4865-43F1-86B6-FA99A2450D43}.Debug|Any CPU.ActiveCfg = Debug|Any CPU
		{5322BD47-4865-43F1-86B6-FA99A2450D43}.Debug|Any CPU.Build.0 = Debug|Any CPU
		{5322BD47-4865-43F1-86B6-FA99A2450D43}.Release|Any CPU.ActiveCfg = Release|Any CPU
		{5322BD47-4865-43F1-86B6-FA99A2450D43}.Release|Any CPU.Build.0 = Release|Any CPU
		{2BCB7C62-4160-44EA-8204-63A96A8AFA87}.Debug|Any CPU.ActiveCfg = Debug|Any CPU
		{2BCB7C62-4160-44EA-8204-63A96A8AFA87}.Debug|Any CPU.Build.0 = Debug|Any CPU
		{2BCB7C62-4160-44EA-8204-63A96A8AFA87}.Release|Any CPU.ActiveCfg = Release|Any CPU
		{2BCB7C62-4160-44EA-8204-63A96A8AFA87}.Release|Any CPU.Build.0 = Release|Any CPU
		{577404AE-66C3-493F-B3A6-5A0BE5F991A6}.Debug|Any CPU.ActiveCfg = Debug|Any CPU
		{577404AE-66C3-493F-B3A6-5A0BE5F991A6}.Debug|Any CPU.Build.0 = Debug|Any CPU
		{577404AE-66C3-493F-B3A6-5A0BE5F991A6}.Release|Any CPU.ActiveCfg = Release|Any CPU
		{577404AE-66C3-493F-B3A6-5A0BE5F991A6}.Release|Any CPU.Build.0 = Release|Any CPU
		{22452948-7F9E-4789-A4FD-19B88E216D35}.Debug|Any CPU.ActiveCfg = Debug|Any CPU
		{22452948-7F9E-4789-A4FD-19B88E216D35}.Debug|Any CPU.Build.0 = Debug|Any CPU
		{22452948-7F9E-4789-A4FD-19B88E216D35}.Release|Any CPU.ActiveCfg = Release|Any CPU
		{22452948-7F9E-4789-A4FD-19B88E216D35}.Release|Any CPU.Build.0 = Release|Any CPU
		{406FBFAA-3AEC-4593-B62D-4299910F1329}.Debug|Any CPU.ActiveCfg = Debug|Any CPU
		{406FBFAA-3AEC-4593-B62D-4299910F1329}.Debug|Any CPU.Build.0 = Debug|Any CPU
		{406FBFAA-3AEC-4593-B62D-4299910F1329}.Release|Any CPU.ActiveCfg = Release|Any CPU
		{406FBFAA-3AEC-4593-B62D-4299910F1329}.Release|Any CPU.Build.0 = Release|Any CPU
		{F284FFD4-055D-4D3D-BFDD-6E1A0D882654}.Debug|Any CPU.ActiveCfg = Debug|Any CPU
		{F284FFD4-055D-4D3D-BFDD-6E1A0D882654}.Debug|Any CPU.Build.0 = Debug|Any CPU
		{F284FFD4-055D-4D3D-BFDD-6E1A0D882654}.Release|Any CPU.ActiveCfg = Release|Any CPU
		{F284FFD4-055D-4D3D-BFDD-6E1A0D882654}.Release|Any CPU.Build.0 = Release|Any CPU
		{6A16F536-DB71-44A0-A657-5A3E90104720}.Debug|Any CPU.ActiveCfg = Debug|Any CPU
		{6A16F536-DB71-44A0-A657-5A3E90104720}.Debug|Any CPU.Build.0 = Debug|Any CPU
		{6A16F536-DB71-44A0-A657-5A3E90104720}.Release|Any CPU.ActiveCfg = Release|Any CPU
		{6A16F536-DB71-44A0-A657-5A3E90104720}.Release|Any CPU.Build.0 = Release|Any CPU
		{5122FADD-DA81-45F0-A715-55EA01AADE3C}.Debug|Any CPU.ActiveCfg = Debug|Any CPU
		{5122FADD-DA81-45F0-A715-55EA01AADE3C}.Debug|Any CPU.Build.0 = Debug|Any CPU
		{5122FADD-DA81-45F0-A715-55EA01AADE3C}.Release|Any CPU.ActiveCfg = Release|Any CPU
		{5122FADD-DA81-45F0-A715-55EA01AADE3C}.Release|Any CPU.Build.0 = Release|Any CPU
		{A4A1B228-38A1-4016-AA1F-494E4C071320}.Debug|Any CPU.ActiveCfg = Debug|Any CPU
		{A4A1B228-38A1-4016-AA1F-494E4C071320}.Debug|Any CPU.Build.0 = Debug|Any CPU
		{A4A1B228-38A1-4016-AA1F-494E4C071320}.Release|Any CPU.ActiveCfg = Release|Any CPU
		{A4A1B228-38A1-4016-AA1F-494E4C071320}.Release|Any CPU.Build.0 = Release|Any CPU
		{75B9653B-0C1A-4F68-823E-8B062345C31F}.Debug|Any CPU.ActiveCfg = Debug|Any CPU
		{75B9653B-0C1A-4F68-823E-8B062345C31F}.Debug|Any CPU.Build.0 = Debug|Any CPU
		{75B9653B-0C1A-4F68-823E-8B062345C31F}.Release|Any CPU.ActiveCfg = Release|Any CPU
		{75B9653B-0C1A-4F68-823E-8B062345C31F}.Release|Any CPU.Build.0 = Release|Any CPU
		{6E5443D0-9A21-4A68-9C80-077A97235980}.Debug|Any CPU.ActiveCfg = Debug|Any CPU
		{6E5443D0-9A21-4A68-9C80-077A97235980}.Debug|Any CPU.Build.0 = Debug|Any CPU
		{6E5443D0-9A21-4A68-9C80-077A97235980}.Release|Any CPU.ActiveCfg = Release|Any CPU
		{6E5443D0-9A21-4A68-9C80-077A97235980}.Release|Any CPU.Build.0 = Release|Any CPU
		{143CF05C-B2A6-49E7-908B-AF7965437BE5}.Debug|Any CPU.ActiveCfg = Debug|Any CPU
		{143CF05C-B2A6-49E7-908B-AF7965437BE5}.Debug|Any CPU.Build.0 = Debug|Any CPU
		{143CF05C-B2A6-49E7-908B-AF7965437BE5}.Release|Any CPU.ActiveCfg = Release|Any CPU
		{143CF05C-B2A6-49E7-908B-AF7965437BE5}.Release|Any CPU.Build.0 = Release|Any CPU
		{875F44DD-35E1-4F1F-8CBE-93CD4FCE17B8}.Debug|Any CPU.ActiveCfg = Debug|Any CPU
		{875F44DD-35E1-4F1F-8CBE-93CD4FCE17B8}.Debug|Any CPU.Build.0 = Debug|Any CPU
		{875F44DD-35E1-4F1F-8CBE-93CD4FCE17B8}.Release|Any CPU.ActiveCfg = Release|Any CPU
		{875F44DD-35E1-4F1F-8CBE-93CD4FCE17B8}.Release|Any CPU.Build.0 = Release|Any CPU
		{23590D70-F250-4915-B08D-CD24F12FACA3}.Debug|Any CPU.ActiveCfg = Debug|Any CPU
		{23590D70-F250-4915-B08D-CD24F12FACA3}.Debug|Any CPU.Build.0 = Debug|Any CPU
		{23590D70-F250-4915-B08D-CD24F12FACA3}.Release|Any CPU.ActiveCfg = Release|Any CPU
		{23590D70-F250-4915-B08D-CD24F12FACA3}.Release|Any CPU.Build.0 = Release|Any CPU
	EndGlobalSection
EndGlobal
